
Microsoft Visual Studio Solution File, Format Version 12.00
# Visual Studio 15
VisualStudioVersion = 15.0.28307.705
MinimumVisualStudioVersion = 10.0.40219.1
Project("{FAE04EC0-301F-11D3-BF4B-00C04F79EFBC}") = "OnEcommerce", "OnEcommerce\OnEcommerce.csproj", "{1AE0D16C-4BD0-40CD-80D9-82612FE51ADB}"
EndProject
Project("{FAE04EC0-301F-11D3-BF4B-00C04F79EFBC}") = "OnEcommrce.Entities", "OnEcommrce.Entities\OnEcommrce.Entities.csproj", "{716BB2AB-A927-496C-BC0D-E15BC29BA35C}"
EndProject
Project("{FAE04EC0-301F-11D3-BF4B-00C04F79EFBC}") = "OnEcommerce.Database", "OnEcommerce.Database\OnEcommerce.Database.csproj", "{35A061DA-A2A8-4224-81A7-BE9F9B98DA76}"
EndProject
Project("{FAE04EC0-301F-11D3-BF4B-00C04F79EFBC}") = "OnEcommerce.Services", "OnEcommerce.Services\OnEcommerce.Services.csproj", "{7D12C788-D56A-4232-BE39-5E91EBC60055}"
EndProject
Global
	GlobalSection(SolutionConfigurationPlatforms) = preSolution
		Debug|Any CPU = Debug|Any CPU
		Release|Any CPU = Release|Any CPU
	EndGlobalSection
	GlobalSection(ProjectConfigurationPlatforms) = postSolution
		{1AE0D16C-4BD0-40CD-80D9-82612FE51ADB}.Debug|Any CPU.ActiveCfg = Debug|Any CPU
		{1AE0D16C-4BD0-40CD-80D9-82612FE51ADB}.Debug|Any CPU.Build.0 = Debug|Any CPU
		{1AE0D16C-4BD0-40CD-80D9-82612FE51ADB}.Release|Any CPU.ActiveCfg = Release|Any CPU
		{1AE0D16C-4BD0-40CD-80D9-82612FE51ADB}.Release|Any CPU.Build.0 = Release|Any CPU
		{716BB2AB-A927-496C-BC0D-E15BC29BA35C}.Debug|Any CPU.ActiveCfg = Debug|Any CPU
		{716BB2AB-A927-496C-BC0D-E15BC29BA35C}.Debug|Any CPU.Build.0 = Debug|Any CPU
		{716BB2AB-A927-496C-BC0D-E15BC29BA35C}.Release|Any CPU.ActiveCfg = Release|Any CPU
		{716BB2AB-A927-496C-BC0D-E15BC29BA35C}.Release|Any CPU.Build.0 = Release|Any CPU
		{35A061DA-A2A8-4224-81A7-BE9F9B98DA76}.Debug|Any CPU.ActiveCfg = Debug|Any CPU
		{35A061DA-A2A8-4224-81A7-BE9F9B98DA76}.Debug|Any CPU.Build.0 = Debug|Any CPU
		{35A061DA-A2A8-4224-81A7-BE9F9B98DA76}.Release|Any CPU.ActiveCfg = Release|Any CPU
		{35A061DA-A2A8-4224-81A7-BE9F9B98DA76}.Release|Any CPU.Build.0 = Release|Any CPU
		{7D12C788-D56A-4232-BE39-5E91EBC60055}.Debug|Any CPU.ActiveCfg = Debug|Any CPU
		{7D12C788-D56A-4232-BE39-5E91EBC60055}.Debug|Any CPU.Build.0 = Debug|Any CPU
		{7D12C788-D56A-4232-BE39-5E91EBC60055}.Release|Any CPU.ActiveCfg = Release|Any CPU
		{7D12C788-D56A-4232-BE39-5E91EBC60055}.Release|Any CPU.Build.0 = Release|Any CPU
	EndGlobalSection
	GlobalSection(SolutionProperties) = preSolution
		HideSolutionNode = FALSE
	EndGlobalSection
	GlobalSection(ExtensibilityGlobals) = postSolution
		SolutionGuid = {54FCD2EC-E279-42A4-A13E-F06DEF713804}
	EndGlobalSection
EndGlobal
